
Microsoft Visual Studio Solution File, Format Version 12.00
# Visual Studio Version 16
VisualStudioVersion = 16.0.29806.167
MinimumVisualStudioVersion = 10.0.40219.1
Project("{FAE04EC0-301F-11D3-BF4B-00C04F79EFBC}") = "Prueba de DI WFP", "Prueba de DI WFP\Prueba de DI WFP.csproj", "{D434E287-631B-4F8A-9694-5447E7B8A921}"
EndProject
Global
	GlobalSection(SolutionConfigurationPlatforms) = preSolution
		Debug|Any CPU = Debug|Any CPU
		Release|Any CPU = Release|Any CPU
	EndGlobalSection
	GlobalSection(ProjectConfigurationPlatforms) = postSolution
		{D434E287-631B-4F8A-9694-5447E7B8A921}.Debug|Any CPU.ActiveCfg = Debug|Any CPU
		{D434E287-631B-4F8A-9694-5447E7B8A921}.Debug|Any CPU.Build.0 = Debug|Any CPU
		{D434E287-631B-4F8A-9694-5447E7B8A921}.Release|Any CPU.ActiveCfg = Release|Any CPU
		{D434E287-631B-4F8A-9694-5447E7B8A921}.Release|Any CPU.Build.0 = Release|Any CPU
	EndGlobalSection
	GlobalSection(SolutionProperties) = preSolution
		HideSolutionNode = FALSE
	EndGlobalSection
	GlobalSection(ExtensibilityGlobals) = postSolution
		SolutionGuid = {845B827D-9435-4D01-BCBE-6CC0063B1BAC}
	EndGlobalSection
EndGlobal
